
Microsoft Visual Studio Solution File, Format Version 12.00
# Visual Studio 15
VisualStudioVersion = 15.0.27703.2042
MinimumVisualStudioVersion = 10.0.40219.1
Project("{8BC9CEB8-8B4A-11D0-8D11-00A0C91BC942}") = "stringconvert", "stringconvert.vcxproj", "{D8308B89-38FC-4FE6-9F40-076BCA4658EC}"
EndProject
Global
	GlobalSection(SolutionConfigurationPlatforms) = preSolution
		Debug|x64 = Debug|x64
		Debug|x86 = Debug|x86
		Release|x64 = Release|x64
		Release|x86 = Release|x86
	EndGlobalSection
	GlobalSection(ProjectConfigurationPlatforms) = postSolution
		{D8308B89-38FC-4FE6-9F40-076BCA4658EC}.Debug|x64.ActiveCfg = Debug|x64
		{D8308B89-38FC-4FE6-9F40-076BCA4658EC}.Debug|x64.Build.0 = Debug|x64
		{D8308B89-38FC-4FE6-9F40-076BCA4658EC}.Debug|x86.ActiveCfg = Debug|Win32
		{D8308B89-38FC-4FE6-9F40-076BCA4658EC}.Debug|x86.Build.0 = Debug|Win32
		{D8308B89-38FC-4FE6-9F40-076BCA4658EC}.Release|x64.ActiveCfg = Release|x64
		{D8308B89-38FC-4FE6-9F40-076BCA4658EC}.Release|x64.Build.0 = Release|x64
		{D8308B89-38FC-4FE6-9F40-076BCA4658EC}.Release|x86.ActiveCfg = Release|Win32
		{D8308B89-38FC-4FE6-9F40-076BCA4658EC}.Release|x86.Build.0 = Release|Win32
	EndGlobalSection
	GlobalSection(SolutionProperties) = preSolution
		HideSolutionNode = FALSE
	EndGlobalSection
	GlobalSection(ExtensibilityGlobals) = postSolution
		SolutionGuid = {4C3007E1-6FDA-4A6D-B3D3-6DB1FBD2A037}
	EndGlobalSection
EndGlobal
